
Microsoft Visual Studio Solution File, Format Version 12.00
# Visual Studio Version 16
VisualStudioVersion = 16.0.28922.388
MinimumVisualStudioVersion = 10.0.40219.1
Project("{8BC9CEB8-8B4A-11D0-8D11-00A0C91BC942}") = "ColorImageProcessing", "ColorImageProcessing\ColorImageProcessing.vcxproj", "{01430B17-6E9F-4A46-B64E-4FA0C74DD7B7}"
EndProject
Global
	GlobalSection(SolutionConfigurationPlatforms) = preSolution
		Debug|x64 = Debug|x64
		Debug|x86 = Debug|x86
		Release|x64 = Release|x64
		Release|x86 = Release|x86
	EndGlobalSection
	GlobalSection(ProjectConfigurationPlatforms) = postSolution
		{01430B17-6E9F-4A46-B64E-4FA0C74DD7B7}.Debug|x64.ActiveCfg = Debug|x64
		{01430B17-6E9F-4A46-B64E-4FA0C74DD7B7}.Debug|x64.Build.0 = Debug|x64
		{01430B17-6E9F-4A46-B64E-4FA0C74DD7B7}.Debug|x86.ActiveCfg = Debug|Win32
		{01430B17-6E9F-4A46-B64E-4FA0C74DD7B7}.Debug|x86.Build.0 = Debug|Win32
		{01430B17-6E9F-4A46-B64E-4FA0C74DD7B7}.Release|x64.ActiveCfg = Release|x64
		{01430B17-6E9F-4A46-B64E-4FA0C74DD7B7}.Release|x64.Build.0 = Release|x64
		{01430B17-6E9F-4A46-B64E-4FA0C74DD7B7}.Release|x86.ActiveCfg = Release|Win32
		{01430B17-6E9F-4A46-B64E-4FA0C74DD7B7}.Release|x86.Build.0 = Release|Win32
	EndGlobalSection
	GlobalSection(SolutionProperties) = preSolution
		HideSolutionNode = FALSE
	EndGlobalSection
	GlobalSection(ExtensibilityGlobals) = postSolution
		SolutionGuid = {311BBEF6-EA71-4363-BDA0-87E23452E5F0}
	EndGlobalSection
EndGlobal
